
Microsoft Visual Studio Solution File, Format Version 12.00
# Visual Studio Version 16
VisualStudioVersion = 16.0.30011.22
MinimumVisualStudioVersion = 10.0.40219.1
Project("{FAE04EC0-301F-11D3-BF4B-00C04F79EFBC}") = "BlazorApp1", "BlazorApp1\BlazorApp1.csproj", "{320FF304-343A-4B7A-B571-7CE3869343BD}"
EndProject
Global
	GlobalSection(SolutionConfigurationPlatforms) = preSolution
		Debug|Any CPU = Debug|Any CPU
		Release|Any CPU = Release|Any CPU
	EndGlobalSection
	GlobalSection(ProjectConfigurationPlatforms) = postSolution
		{320FF304-343A-4B7A-B571-7CE3869343BD}.Debug|Any CPU.ActiveCfg = Debug|Any CPU
		{320FF304-343A-4B7A-B571-7CE3869343BD}.Debug|Any CPU.Build.0 = Debug|Any CPU
		{320FF304-343A-4B7A-B571-7CE3869343BD}.Release|Any CPU.ActiveCfg = Release|Any CPU
		{320FF304-343A-4B7A-B571-7CE3869343BD}.Release|Any CPU.Build.0 = Release|Any CPU
	EndGlobalSection
	GlobalSection(SolutionProperties) = preSolution
		HideSolutionNode = FALSE
	EndGlobalSection
	GlobalSection(ExtensibilityGlobals) = postSolution
		SolutionGuid = {D4BFC72B-30A3-4792-9912-2AF6175AE5E7}
	EndGlobalSection
EndGlobal
